
Microsoft Visual Studio Solution File, Format Version 12.00
# Visual Studio Version 17
VisualStudioVersion = 17.6.33723.286
MinimumVisualStudioVersion = 10.0.40219.1
Project("{FAE04EC0-301F-11D3-BF4B-00C04F79EFBC}") = "EcommercePlatformCodeTest", "EcommercePlatformCodeTest\EcommercePlatformCodeTest.csproj", "{54D9659A-E3F1-4992-816A-ABD94081552C}"
EndProject
Global
	GlobalSection(SolutionConfigurationPlatforms) = preSolution
		Debug|Any CPU = Debug|Any CPU
		Release|Any CPU = Release|Any CPU
	EndGlobalSection
	GlobalSection(ProjectConfigurationPlatforms) = postSolution
		{54D9659A-E3F1-4992-816A-ABD94081552C}.Debug|Any CPU.ActiveCfg = Debug|Any CPU
		{54D9659A-E3F1-4992-816A-ABD94081552C}.Debug|Any CPU.Build.0 = Debug|Any CPU
		{54D9659A-E3F1-4992-816A-ABD94081552C}.Release|Any CPU.ActiveCfg = Release|Any CPU
		{54D9659A-E3F1-4992-816A-ABD94081552C}.Release|Any CPU.Build.0 = Release|Any CPU
	EndGlobalSection
	GlobalSection(SolutionProperties) = preSolution
		HideSolutionNode = FALSE
	EndGlobalSection
	GlobalSection(ExtensibilityGlobals) = postSolution
		SolutionGuid = {3EAA6058-9542-4A49-B6EF-5652E7F2A524}
	EndGlobalSection
EndGlobal
